
Microsoft Visual Studio Solution File, Format Version 12.00
# Visual Studio Version 17
VisualStudioVersion = 17.5.002.0
MinimumVisualStudioVersion = 10.0.40219.1
Project("{9A19103F-16F7-4668-BE54-9A1E7A4F7556}") = "Facade", "Facade.csproj", "{0CADFDEB-AB6F-4B5A-A956-A3A65E9C2B3E}"
EndProject
Global
	GlobalSection(SolutionConfigurationPlatforms) = preSolution
		Debug|Any CPU = Debug|Any CPU
		Release|Any CPU = Release|Any CPU
	EndGlobalSection
	GlobalSection(ProjectConfigurationPlatforms) = postSolution
		{0CADFDEB-AB6F-4B5A-A956-A3A65E9C2B3E}.Debug|Any CPU.ActiveCfg = Debug|Any CPU
		{0CADFDEB-AB6F-4B5A-A956-A3A65E9C2B3E}.Debug|Any CPU.Build.0 = Debug|Any CPU
		{0CADFDEB-AB6F-4B5A-A956-A3A65E9C2B3E}.Release|Any CPU.ActiveCfg = Release|Any CPU
		{0CADFDEB-AB6F-4B5A-A956-A3A65E9C2B3E}.Release|Any CPU.Build.0 = Release|Any CPU
	EndGlobalSection
	GlobalSection(SolutionProperties) = preSolution
		HideSolutionNode = FALSE
	EndGlobalSection
	GlobalSection(ExtensibilityGlobals) = postSolution
		SolutionGuid = {BBCC56D9-9E96-4AAA-853E-9373E9F9CA31}
	EndGlobalSection
EndGlobal
