
Microsoft Visual Studio Solution File, Format Version 12.00
# Visual Studio Version 17
VisualStudioVersion = 17.7.34302.85
MinimumVisualStudioVersion = 10.0.40219.1
Project("{FAE04EC0-301F-11D3-BF4B-00C04F79EFBC}") = "Ebuy.Website", "Ebuy.Website\Ebuy.Website.csproj", "{F778C906-A3F6-4282-BDC8-D2692C021E8F}"
EndProject
Project("{FAE04EC0-301F-11D3-BF4B-00C04F79EFBC}") = "Ebuy.Mvc", "Ebuy.Mvc\Ebuy.Mvc.csproj", "{3FFE7A82-7E7D-42EB-A439-DEAACBCFBFC6}"
EndProject
Project("{FAE04EC0-301F-11D3-BF4B-00C04F79EFBC}") = "Ebuy.Common", "Ebuy.Common\Ebuy.Common.csproj", "{F2B03BD9-D3AE-4F1C-BC2F-2CBEA3DE29DF}"
EndProject
Global
	GlobalSection(SolutionConfigurationPlatforms) = preSolution
		Debug|Any CPU = Debug|Any CPU
		Release|Any CPU = Release|Any CPU
	EndGlobalSection
	GlobalSection(ProjectConfigurationPlatforms) = postSolution
		{F778C906-A3F6-4282-BDC8-D2692C021E8F}.Debug|Any CPU.ActiveCfg = Debug|Any CPU
		{F778C906-A3F6-4282-BDC8-D2692C021E8F}.Debug|Any CPU.Build.0 = Debug|Any CPU
		{F778C906-A3F6-4282-BDC8-D2692C021E8F}.Release|Any CPU.ActiveCfg = Release|Any CPU
		{F778C906-A3F6-4282-BDC8-D2692C021E8F}.Release|Any CPU.Build.0 = Release|Any CPU
		{3FFE7A82-7E7D-42EB-A439-DEAACBCFBFC6}.Debug|Any CPU.ActiveCfg = Debug|Any CPU
		{3FFE7A82-7E7D-42EB-A439-DEAACBCFBFC6}.Debug|Any CPU.Build.0 = Debug|Any CPU
		{3FFE7A82-7E7D-42EB-A439-DEAACBCFBFC6}.Release|Any CPU.ActiveCfg = Release|Any CPU
		{3FFE7A82-7E7D-42EB-A439-DEAACBCFBFC6}.Release|Any CPU.Build.0 = Release|Any CPU
		{F2B03BD9-D3AE-4F1C-BC2F-2CBEA3DE29DF}.Debug|Any CPU.ActiveCfg = Debug|Any CPU
		{F2B03BD9-D3AE-4F1C-BC2F-2CBEA3DE29DF}.Debug|Any CPU.Build.0 = Debug|Any CPU
		{F2B03BD9-D3AE-4F1C-BC2F-2CBEA3DE29DF}.Release|Any CPU.ActiveCfg = Release|Any CPU
		{F2B03BD9-D3AE-4F1C-BC2F-2CBEA3DE29DF}.Release|Any CPU.Build.0 = Release|Any CPU
	EndGlobalSection
	GlobalSection(SolutionProperties) = preSolution
		HideSolutionNode = FALSE
	EndGlobalSection
	GlobalSection(ExtensibilityGlobals) = postSolution
		SolutionGuid = {B316DFD6-F948-4F64-90A3-6F0A0D7835BD}
	EndGlobalSection
EndGlobal
